github.com/f1bonacc1/glippy v1.1.0 h1:/W85SNMF14f4Icav1W1NZcxiEYS4XgKa9+jfN9lQAC4=
github.com/f1bonacc1/glippy v1.1.0/go.mod h1:4FvlEkhBa/BJMEuMGVlocGYDJAvO7FwhJhHH9MY6vaM=
github.com/jezek/xgb v1.1.0 h1:wnpxJzP1+rkbGclEkmwpVFQWpuE2PUGNUzP8SbfFobk=
github.com/jezek/xgb v1.1.0/go.mod h1:nrhwO0FX/enq75I7Y7G8iN1ubpSGZEiA3v9e9GyRFlk=
